hash: faf509e76a23697b6cc8d4acc6671c4de1a1a0b7dc89d30aff5f9a9b736de0a3
updated: 2017-11-13T16:37:52.77195709Z
imports:
- name: github.com/abiosoft/errs
  version: db634b8eb5e35ffff64e0bfe982c1a72a6ecdf3d
- name: github.com/aws/aws-sdk-go
  version: e6c5e190452424b404ecdb81d6e3991d46b18e9d
  subpackages:
  - aws
  - aws/awserr
  - aws/awsutil
  - aws/client
  - aws/client/metadata
  - aws/corehandlers
  - aws/credentials
  - aws/credentials/ec2rolecreds
  - aws/credentials/endpointcreds
  - aws/credentials/stscreds
  - aws/defaults
  - aws/ec2metadata
  - aws/endpoints
  - aws/request
  - aws/session
  - aws/signer/v4
  - internal/shareddefaults
  - private/protocol
  - private/protocol/ec2query
  - private/protocol/json/jsonutil
  - private/protocol/jsonrpc
  - private/protocol/query
  - private/protocol/query/queryutil
  - private/protocol/rest
  - private/protocol/restjson
  - private/protocol/restxml
  - private/protocol/xml/xmlutil
  - service/batch
  - service/cloudwatchlogs
  - service/ec2
  - service/s3
  - service/sts
- name: github.com/boj/redistore
  version: 4562487a4bee9a7c272b72bfaeda4917d0a47ab9
- name: github.com/bshuster-repo/logruzio
  version: b0b294934396cec7a3292f694193f73cb9ddd71f
- name: github.com/caarlos0/env
  version: 9de094f90fa8a13dc162e10ae8a3b95c0c2c33e1
- name: github.com/dchest/uniuri
  version: 8902c56451e9b58ff940bbe5fec35d5f9c04584a
- name: github.com/garyburd/redigo
  version: 47dc60e71eed504e3ef8e77ee3c6fe720f3be57f
  subpackages:
  - internal
  - redis
- name: github.com/gin-contrib/cors
  version: cf4846e6a636a76237a28d9286f163c132e841bc
- name: github.com/gin-contrib/sse
  version: 22d885f9ecc78bf4ee5d72b937e4bbcdc58e8cae
- name: github.com/gin-gonic/contrib
  version: 8f08bc9b92a9734916abda03656c5f1b99ad10be
  subpackages:
  - ginrus
  - sessions
- name: github.com/gin-gonic/gin
  version: ae9f03e6e80212e45427f811683f2a512cc8f506
  subpackages:
  - binding
  - json
  - render
- name: github.com/go-ini/ini
  version: f280b3ba517bf5fc98922624f21fb0e7a92adaec
- name: github.com/golang/mock
  version: 61503c535dc549c7ffc1ff07902345658a0f20a2
  subpackages:
  - gomock
- name: github.com/golang/protobuf
  version: 1643683e1b54a9e88ad26d98f81400c8c9d9f4f9
  subpackages:
  - proto
- name: github.com/google/go-github
  version: 8c08f4fba5e05e0fd2821a5f80cf0cf643bd5314
  subpackages:
  - github
- name: github.com/google/go-querystring
  version: 53e6ce116135b80d037921a7fdd5138cf32d7a8a
  subpackages:
  - query
- name: github.com/gorilla/context
  version: 08b5f424b9271eedf6f9f0ce86cb9396ed337a42
- name: github.com/gorilla/securecookie
  version: e59506cc896acb7f7bf732d4fdf5e25f7ccd8983
- name: github.com/gorilla/sessions
  version: a3acf13e802c358d65f249324d14ed24aac11370
- name: github.com/inconshreveable/mousetrap
  version: 76626ae9c91c4f2a10f34cad8ce83ea42c93bb75
- name: github.com/jinzhu/gorm
  version: 0a51f6cdc55d1650d9ed3b4c13026cfa9133b01e
  subpackages:
  - dialects/postgres
- name: github.com/jinzhu/inflection
  version: 1c35d901db3da928c72a72d8458480cc9ade058f
- name: github.com/jmespath/go-jmespath
  version: bd40a432e4c76585ef6b72d3fd96fb9b6dc7b68d
- name: github.com/json-iterator/go
  version: 9fddff05f0b5cfe038f1802add248f3f0d08a015
- name: github.com/lib/pq
  version: 8c6ee72f3e6bcb1542298dd5f76cb74af9742cec
  subpackages:
  - hstore
  - oid
- name: github.com/mattn/go-isatty
  version: 6ca4dbf54d38eea1a992b3c722a76a5d1c4cb25c
- name: github.com/robfig/cron
  version: b024fc5ea0e34bc3f83d9941c8d60b0622bfaca4
- name: github.com/satori/go.uuid
  version: 879c5887cd475cd7864858769793b2ceb0d44feb
- name: github.com/sirupsen/logrus
  version: f006c2ac4710855cf0f916dd6b77acf6b048dc6e
- name: github.com/spf13/cobra
  version: 2da4a54c5ceefcee7ca5dd0eea1e18a3b6366489
- name: github.com/spf13/pflag
  version: 4c012f6dcd9546820e378d0bdda4d8fc772cdfea
- name: github.com/stripe/stripe-go
  version: 339ff3ba4d4b26f9179e31f958d8f68c5fd07b43
  subpackages:
  - customer
  - orderitem
  - sub
- name: github.com/ugorji/go
  version: 69968d74aefca74ab12359e8e24e057fb7d88222
  subpackages:
  - codec
- name: golang.org/x/crypto
  version: 6a293f2d4b14b8e6d3f0539e383f6d0d30fce3fd
  subpackages:
  - ssh/terminal
- name: golang.org/x/net
  version: a337091b0525af65de94df2eb7e98bd9962dcbe2
  subpackages:
  - context
  - context/ctxhttp
- name: golang.org/x/oauth2
  version: 9ff8ebcc8e241d46f52ecc5bff0e5a2f2dbef402
  subpackages:
  - github
  - internal
- name: golang.org/x/sys
  version: 1e2299c37cc91a509f1b12369872d27be0ce98a6
  subpackages:
  - unix
  - windows
- name: google.golang.org/appengine
  version: 9d8544a6b2c7df9cff240fcf92d7b2f59bc13416
  subpackages:
  - internal
  - internal/base
  - internal/datastore
  - internal/log
  - internal/remote_api
  - internal/urlfetch
  - urlfetch
- name: gopkg.in/go-playground/validator.v8
  version: 5f1438d3fca68893a817e4a66806cea46a9e4ebf
- name: gopkg.in/gormigrate.v1
  version: 21b0b93e8253d575d9185974835423f98d30158d
- name: gopkg.in/intercom/intercom-go.v2
  version: 368cf036d785a40493e9eda06153109916e6526b
  subpackages:
  - interfaces
- name: gopkg.in/validator.v2
  version: 460c83432a98c35224a6fe352acf8b23e067ad06
- name: gopkg.in/yaml.v2
  version: eb3733d160e74a9c7e442f435eb3bea458e1d19f
testImports: []
